
Microsoft Visual Studio Solution File, Format Version 12.00
Project("{FAE04EC0-301F-11D3-BF4B-00C04F79EFBC}") = "Lab2", "Lab2\Lab2.csproj", "{09210373-2DA7-4D7F-B98C-71EB1975CACE}"
EndProject
Global
	GlobalSection(SolutionConfigurationPlatforms) = preSolution
		Debug|Any CPU = Debug|Any CPU
		Release|Any CPU = Release|Any CPU
	EndGlobalSection
	GlobalSection(ProjectConfigurationPlatforms) = postSolution
		{09210373-2DA7-4D7F-B98C-71EB1975CACE}.Debug|Any CPU.ActiveCfg = Debug|Any CPU
		{09210373-2DA7-4D7F-B98C-71EB1975CACE}.Debug|Any CPU.Build.0 = Debug|Any CPU
		{09210373-2DA7-4D7F-B98C-71EB1975CACE}.Release|Any CPU.ActiveCfg = Release|Any CPU
		{09210373-2DA7-4D7F-B98C-71EB1975CACE}.Release|Any CPU.Build.0 = Release|Any CPU
	EndGlobalSection
EndGlobal
